
Microsoft Visual Studio Solution File, Format Version 12.00
# Visual Studio Version 17
VisualStudioVersion = 17.3.32825.248
MinimumVisualStudioVersion = 10.0.40219.1
Project("{FAE04EC0-301F-11D3-BF4B-00C04F79EFBC}") = "Lab1T2", "Lab1T2.csproj", "{392F0F0D-E7AA-44FC-80E9-69D34B615F4F}"
EndProject
Global
	GlobalSection(SolutionConfigurationPlatforms) = preSolution
		Debug|Any CPU = Debug|Any CPU
		Release|Any CPU = Release|Any CPU
	EndGlobalSection
	GlobalSection(ProjectConfigurationPlatforms) = postSolution
		{392F0F0D-E7AA-44FC-80E9-69D34B615F4F}.Debug|Any CPU.ActiveCfg = Debug|Any CPU
		{392F0F0D-E7AA-44FC-80E9-69D34B615F4F}.Debug|Any CPU.Build.0 = Debug|Any CPU
		{392F0F0D-E7AA-44FC-80E9-69D34B615F4F}.Release|Any CPU.ActiveCfg = Release|Any CPU
		{392F0F0D-E7AA-44FC-80E9-69D34B615F4F}.Release|Any CPU.Build.0 = Release|Any CPU
	EndGlobalSection
	GlobalSection(SolutionProperties) = preSolution
		HideSolutionNode = FALSE
	EndGlobalSection
	GlobalSection(ExtensibilityGlobals) = postSolution
		SolutionGuid = {6BC2E8D9-7F45-4A4F-A638-B3A69E895126}
	EndGlobalSection
EndGlobal
